
Microsoft Visual Studio Solution File, Format Version 12.00
# Visual Studio 15
VisualStudioVersion = 15.0.27428.2015
MinimumVisualStudioVersion = 10.0.40219.1
Project("{9A19103F-16F7-4668-BE54-9A1E7A4F7556}") = "Inventario.COMMON", "Inventario.COMMON\Inventario.COMMON.csproj", "{2F7D1913-2665-45D1-89A4-281C2DA8C740}"
EndProject
Project("{9A19103F-16F7-4668-BE54-9A1E7A4F7556}") = "Inventario.DAL", "Inventario.DAL\Inventario.DAL.csproj", "{0B817C65-B45F-4F91-B1E5-D0610DBE8542}"
EndProject
Project("{9A19103F-16F7-4668-BE54-9A1E7A4F7556}") = "Inventario.BIZ", "Inventario.BIZ\Inventario.BIZ.csproj", "{190D7B88-C89D-4181-85C6-E81DA65F4081}"
EndProject
Project("{FAE04EC0-301F-11D3-BF4B-00C04F79EFBC}") = "Inventario.GUI", "Inventario.GUI.Administrador\Inventario.GUI.csproj", "{72021794-2BCE-4D18-9766-026E853AD0F7}"
EndProject
Global
	GlobalSection(SolutionConfigurationPlatforms) = preSolution
		Debug|Any CPU = Debug|Any CPU
		Release|Any CPU = Release|Any CPU
	EndGlobalSection
	GlobalSection(ProjectConfigurationPlatforms) = postSolution
		{2F7D1913-2665-45D1-89A4-281C2DA8C740}.Debug|Any CPU.ActiveCfg = Debug|Any CPU
		{2F7D1913-2665-45D1-89A4-281C2DA8C740}.Debug|Any CPU.Build.0 = Debug|Any CPU
		{2F7D1913-2665-45D1-89A4-281C2DA8C740}.Release|Any CPU.ActiveCfg = Release|Any CPU
		{2F7D1913-2665-45D1-89A4-281C2DA8C740}.Release|Any CPU.Build.0 = Release|Any CPU
		{0B817C65-B45F-4F91-B1E5-D0610DBE8542}.Debug|Any CPU.ActiveCfg = Debug|Any CPU
		{0B817C65-B45F-4F91-B1E5-D0610DBE8542}.Debug|Any CPU.Build.0 = Debug|Any CPU
		{0B817C65-B45F-4F91-B1E5-D0610DBE8542}.Release|Any CPU.ActiveCfg = Release|Any CPU
		{0B817C65-B45F-4F91-B1E5-D0610DBE8542}.Release|Any CPU.Build.0 = Release|Any CPU
		{190D7B88-C89D-4181-85C6-E81DA65F4081}.Debug|Any CPU.ActiveCfg = Debug|Any CPU
		{190D7B88-C89D-4181-85C6-E81DA65F4081}.Debug|Any CPU.Build.0 = Debug|Any CPU
		{190D7B88-C89D-4181-85C6-E81DA65F4081}.Release|Any CPU.ActiveCfg = Release|Any CPU
		{190D7B88-C89D-4181-85C6-E81DA65F4081}.Release|Any CPU.Build.0 = Release|Any CPU
		{72021794-2BCE-4D18-9766-026E853AD0F7}.Debug|Any CPU.ActiveCfg = Debug|Any CPU
		{72021794-2BCE-4D18-9766-026E853AD0F7}.Debug|Any CPU.Build.0 = Debug|Any CPU
		{72021794-2BCE-4D18-9766-026E853AD0F7}.Release|Any CPU.ActiveCfg = Release|Any CPU
		{72021794-2BCE-4D18-9766-026E853AD0F7}.Release|Any CPU.Build.0 = Release|Any CPU
	EndGlobalSection
	GlobalSection(SolutionProperties) = preSolution
		HideSolutionNode = FALSE
	EndGlobalSection
	GlobalSection(ExtensibilityGlobals) = postSolution
		SolutionGuid = {BAADEAB0-8F78-4B59-AC37-C679C9B77253}
	EndGlobalSection
EndGlobal
